
Microsoft Visual Studio Solution File, Format Version 11.00
# Visual Studio 2010
Project("{FAE04EC0-301F-11D3-BF4B-00C04F79EFBC}") = "Mosaic", "Mosaic\Mosaic.csproj", "{C1BC0E44-5776-45EE-BC80-50458FFC10EE}"
EndProject
Project("{FAE04EC0-301F-11D3-BF4B-00C04F79EFBC}") = "Mosaic.Core", "Mosaic.Core\Mosaic.Core.csproj", "{0ABC4975-6BB3-4511-B9D7-3F163C601198}"
EndProject
Project("{FAE04EC0-301F-11D3-BF4B-00C04F79EFBC}") = "Mosaic.Base", "Mosaic.Base\Mosaic.Base.csproj", "{74CB342D-3D96-42D5-8B13-76306FE35380}"
EndProject
Project("{2150E333-8FDC-42A3-9474-1A3956D46DE8}") = "Widgets", "Widgets", "{C1A3AFE3-2630-454E-8DA2-B4188B8E3F2C}"
EndProject
Project("{FAE04EC0-301F-11D3-BF4B-00C04F79EFBC}") = "Clock", "Widgets\Clock\Clock.csproj", "{7B78A96A-367C-4FBE-AD99-B1016F16AA00}"
EndProject
Project("{FAE04EC0-301F-11D3-BF4B-00C04F79EFBC}") = "Weather", "Widgets\Weather\Weather.csproj", "{ADADAE80-72EA-4E8C-B5B5-4EFBEB1FAAF6}"
EndProject
Project("{FAE04EC0-301F-11D3-BF4B-00C04F79EFBC}") = "Me", "Widgets\Me\Me.csproj", "{77EADDD1-E296-4426-B66B-4031E9F07711}"
EndProject
Project("{FAE04EC0-301F-11D3-BF4B-00C04F79EFBC}") = "Pictures", "Widgets\Pictures\Pictures.csproj", "{4F88E6A7-42CC-4E86-91A7-B4CE5B53486A}"
EndProject
Project("{FAE04EC0-301F-11D3-BF4B-00C04F79EFBC}") = "Video", "Widgets\Video\Video.csproj", "{3BEEDE2E-DAE9-432C-8891-F881416B7249}"
EndProject
Project("{FAE04EC0-301F-11D3-BF4B-00C04F79EFBC}") = "Gmail", "Widgets\Gmail\Gmail.csproj", "{6DE753C7-198B-4934-BDD6-8142A215AA00}"
EndProject
Project("{FAE04EC0-301F-11D3-BF4B-00C04F79EFBC}") = "ControlPanel", "Widgets\ControlPanel\ControlPanel.csproj", "{D6E1726F-258E-4DE8-8473-21A2FCFB0B66}"
EndProject
Project("{FAE04EC0-301F-11D3-BF4B-00C04F79EFBC}") = "Desktop", "Widgets\Desktop\Desktop.csproj", "{1670225C-BAA3-49AC-A8D6-44D75A973B31}"
EndProject
Project("{FAE04EC0-301F-11D3-BF4B-00C04F79EFBC}") = "Twitter", "Widgets\Twitter\Twitter.csproj", "{A03D7F01-93CE-4955-B004-F66C0786BD26}"
EndProject
Project("{FAE04EC0-301F-11D3-BF4B-00C04F79EFBC}") = "Social.Base", "Social.Base\Social.Base.csproj", "{CFC1E9E6-4596-4ACA-B8AB-B98B4FD02B7A}"
EndProject
Project("{FAE04EC0-301F-11D3-BF4B-00C04F79EFBC}") = "People", "Widgets\People\People.csproj", "{B76F97DB-264C-4848-9290-4B97D6A9EF63}"
EndProject
Project("{FAE04EC0-301F-11D3-BF4B-00C04F79EFBC}") = "Music", "Widgets\Music\Music.csproj", "{336A6B61-9345-4197-AC22-A1421242C455}"
EndProject
Project("{FAE04EC0-301F-11D3-BF4B-00C04F79EFBC}") = "Today", "Widgets\Today\Today.csproj", "{6054346A-1292-40EB-8FB5-53930411F5DE}"
EndProject
Project("{FAE04EC0-301F-11D3-BF4B-00C04F79EFBC}") = "Hotmail", "Widgets\Hotmail\Hotmail.csproj", "{F555939B-7F42-4AEB-8E6C-A974E572A7FE}"
EndProject
Project("{FAE04EC0-301F-11D3-BF4B-00C04F79EFBC}") = "Mosaic.Graphics", "Mosaic.Graphics\Mosaic.Graphics.csproj", "{0877901F-5A5A-4D60-8A82-1A4E808D0829}"
EndProject
Project("{FAE04EC0-301F-11D3-BF4B-00C04F79EFBC}") = "Store", "Widgets\Store\Store.csproj", "{06EF2B04-9E8D-478F-9C5C-9922EF157A20}"
EndProject
Global
	GlobalSection(TeamFoundationVersionControl) = preSolution
		SccNumberOfProjects = 20
		SccEnterpriseProvider = {4CA58AB2-18FA-4F8D-95D4-32DDF27D184C}
		SccTeamFoundationServer = https://tfs.codeplex.com/tfs/tfs06
		SccLocalPath0 = .
		SccProjectUniqueName1 = Mosaic\\Mosaic.csproj
		SccProjectName1 = Mosaic
		SccLocalPath1 = Mosaic
		SccProjectUniqueName2 = Mosaic.Core\\Mosaic.Core.csproj
		SccProjectName2 = Mosaic.Core
		SccLocalPath2 = Mosaic.Core
		SccProjectUniqueName3 = Mosaic.Base\\Mosaic.Base.csproj
		SccProjectName3 = Mosaic.Base
		SccLocalPath3 = Mosaic.Base
		SccProjectUniqueName4 = Widgets\\Clock\\Clock.csproj
		SccProjectTopLevelParentUniqueName4 = Mosaic.sln
		SccProjectName4 = Widgets/Clock
		SccLocalPath4 = Widgets\\Clock
		SccProjectUniqueName5 = Widgets\\Weather\\Weather.csproj
		SccProjectTopLevelParentUniqueName5 = Mosaic.sln
		SccProjectName5 = Widgets/Weather
		SccLocalPath5 = Widgets\\Weather
		SccProjectUniqueName6 = Widgets\\Me\\Me.csproj
		SccProjectTopLevelParentUniqueName6 = Mosaic.sln
		SccProjectName6 = Widgets/Me
		SccLocalPath6 = Widgets\\Me
		SccProjectUniqueName7 = Widgets\\Pictures\\Pictures.csproj
		SccProjectTopLevelParentUniqueName7 = Mosaic.sln
		SccProjectName7 = Widgets/Pictures
		SccLocalPath7 = Widgets\\Pictures
		SccProjectUniqueName8 = Widgets\\Video\\Video.csproj
		SccProjectTopLevelParentUniqueName8 = Mosaic.sln
		SccProjectName8 = Widgets/Video
		SccLocalPath8 = Widgets\\Video
		SccProjectUniqueName9 = Widgets\\Gmail\\Gmail.csproj
		SccProjectTopLevelParentUniqueName9 = Mosaic.sln
		SccProjectName9 = Widgets/Gmail
		SccLocalPath9 = Widgets\\Gmail
		SccProjectUniqueName10 = Widgets\\ControlPanel\\ControlPanel.csproj
		SccProjectTopLevelParentUniqueName10 = Mosaic.sln
		SccProjectName10 = Widgets/ControlPanel
		SccLocalPath10 = Widgets\\ControlPanel
		SccProjectUniqueName11 = Widgets\\Desktop\\Desktop.csproj
		SccProjectTopLevelParentUniqueName11 = Mosaic.sln
		SccProjectName11 = Widgets/Desktop
		SccLocalPath11 = Widgets\\Desktop
		SccProjectUniqueName12 = Social.Base\\Social.Base.csproj
		SccProjectName12 = Social.Base
		SccLocalPath12 = Social.Base
		SccProjectUniqueName13 = Widgets\\Twitter\\Twitter.csproj
		SccProjectTopLevelParentUniqueName13 = Mosaic.sln
		SccProjectName13 = Widgets/Twitter
		SccLocalPath13 = Widgets\\Twitter
		SccProjectUniqueName14 = Widgets\\People\\People.csproj
		SccProjectTopLevelParentUniqueName14 = Mosaic.sln
		SccProjectName14 = Widgets/People
		SccLocalPath14 = Widgets\\People
		SccProjectUniqueName15 = Widgets\\Music\\Music.csproj
		SccProjectTopLevelParentUniqueName15 = Mosaic.sln
		SccProjectName15 = Widgets/Music
		SccLocalPath15 = Widgets\\Music
		SccProjectUniqueName16 = Widgets\\Today\\Today.csproj
		SccProjectTopLevelParentUniqueName16 = Mosaic.sln
		SccProjectName16 = Widgets/Today
		SccLocalPath16 = Widgets\\Today
		SccProjectUniqueName17 = Widgets\\Hotmail\\Hotmail.csproj
		SccProjectTopLevelParentUniqueName17 = Mosaic.sln
		SccProjectName17 = Widgets/Hotmail
		SccLocalPath17 = Widgets\\Hotmail
		SccProjectUniqueName18 = Mosaic.Graphics\\Mosaic.Graphics.csproj
		SccProjectName18 = Mosaic.Graphics
		SccLocalPath18 = Mosaic.Graphics
		SccProjectUniqueName19 = Apps\\LockScreen\\LockScreen.csproj
		SccProjectTopLevelParentUniqueName19 = Mosaic.sln
		SccProjectName19 = Apps/LockScreen
		SccLocalPath19 = Apps\\LockScreen
	EndGlobalSection
	GlobalSection(SolutionConfigurationPlatforms) = preSolution
		Debug|Any CPU = Debug|Any CPU
		Debug|Mixed Platforms = Debug|Mixed Platforms
		Debug|x86 = Debug|x86
		Release|Any CPU = Release|Any CPU
		Release|Mixed Platforms = Release|Mixed Platforms
		Release|x86 = Release|x86
	EndGlobalSection
	GlobalSection(ProjectConfigurationPlatforms) = postSolution
		{C1BC0E44-5776-45EE-BC80-50458FFC10EE}.Debug|Any CPU.ActiveCfg = Debug|x86
		{C1BC0E44-5776-45EE-BC80-50458FFC10EE}.Debug|Mixed Platforms.ActiveCfg = Debug|Any CPU
		{C1BC0E44-5776-45EE-BC80-50458FFC10EE}.Debug|Mixed Platforms.Build.0 = Debug|Any CPU
		{C1BC0E44-5776-45EE-BC80-50458FFC10EE}.Debug|x86.ActiveCfg = Debug|x86
		{C1BC0E44-5776-45EE-BC80-50458FFC10EE}.Debug|x86.Build.0 = Debug|x86
		{C1BC0E44-5776-45EE-BC80-50458FFC10EE}.Release|Any CPU.ActiveCfg = Release|x86
		{C1BC0E44-5776-45EE-BC80-50458FFC10EE}.Release|Mixed Platforms.ActiveCfg = Release|Any CPU
		{C1BC0E44-5776-45EE-BC80-50458FFC10EE}.Release|Mixed Platforms.Build.0 = Release|Any CPU
		{C1BC0E44-5776-45EE-BC80-50458FFC10EE}.Release|x86.ActiveCfg = Release|x86
		{C1BC0E44-5776-45EE-BC80-50458FFC10EE}.Release|x86.Build.0 = Release|x86
		{0ABC4975-6BB3-4511-B9D7-3F163C601198}.Debug|Any CPU.ActiveCfg = Debug|x86
		{0ABC4975-6BB3-4511-B9D7-3F163C601198}.Debug|Mixed Platforms.ActiveCfg = Debug|Any CPU
		{0ABC4975-6BB3-4511-B9D7-3F163C601198}.Debug|Mixed Platforms.Build.0 = Debug|Any CPU
		{0ABC4975-6BB3-4511-B9D7-3F163C601198}.Debug|x86.ActiveCfg = Debug|x86
		{0ABC4975-6BB3-4511-B9D7-3F163C601198}.Debug|x86.Build.0 = Debug|x86
		{0ABC4975-6BB3-4511-B9D7-3F163C601198}.Release|Any CPU.ActiveCfg = Release|x86
		{0ABC4975-6BB3-4511-B9D7-3F163C601198}.Release|Mixed Platforms.ActiveCfg = Release|Any CPU
		{0ABC4975-6BB3-4511-B9D7-3F163C601198}.Release|Mixed Platforms.Build.0 = Release|Any CPU
		{0ABC4975-6BB3-4511-B9D7-3F163C601198}.Release|x86.ActiveCfg = Release|x86
		{0ABC4975-6BB3-4511-B9D7-3F163C601198}.Release|x86.Build.0 = Release|x86
		{74CB342D-3D96-42D5-8B13-76306FE35380}.Debug|Any CPU.ActiveCfg = Debug|Any CPU
		{74CB342D-3D96-42D5-8B13-76306FE35380}.Debug|Any CPU.Build.0 = Debug|Any CPU
		{74CB342D-3D96-42D5-8B13-76306FE35380}.Debug|Mixed Platforms.ActiveCfg = Debug|Any CPU
		{74CB342D-3D96-42D5-8B13-76306FE35380}.Debug|Mixed Platforms.Build.0 = Debug|Any CPU
		{74CB342D-3D96-42D5-8B13-76306FE35380}.Debug|x86.ActiveCfg = Debug|Any CPU
		{74CB342D-3D96-42D5-8B13-76306FE35380}.Release|Any CPU.ActiveCfg = Release|Any CPU
		{74CB342D-3D96-42D5-8B13-76306FE35380}.Release|Any CPU.Build.0 = Release|Any CPU
		{74CB342D-3D96-42D5-8B13-76306FE35380}.Release|Mixed Platforms.ActiveCfg = Release|Any CPU
		{74CB342D-3D96-42D5-8B13-76306FE35380}.Release|Mixed Platforms.Build.0 = Release|Any CPU
		{74CB342D-3D96-42D5-8B13-76306FE35380}.Release|x86.ActiveCfg = Release|Any CPU
		{7B78A96A-367C-4FBE-AD99-B1016F16AA00}.Debug|Any CPU.ActiveCfg = Debug|Any CPU
		{7B78A96A-367C-4FBE-AD99-B1016F16AA00}.Debug|Any CPU.Build.0 = Debug|Any CPU
		{7B78A96A-367C-4FBE-AD99-B1016F16AA00}.Debug|Mixed Platforms.ActiveCfg = Debug|Any CPU
		{7B78A96A-367C-4FBE-AD99-B1016F16AA00}.Debug|Mixed Platforms.Build.0 = Debug|Any CPU
		{7B78A96A-367C-4FBE-AD99-B1016F16AA00}.Debug|x86.ActiveCfg = Debug|Any CPU
		{7B78A96A-367C-4FBE-AD99-B1016F16AA00}.Release|Any CPU.ActiveCfg = Release|Any CPU
		{7B78A96A-367C-4FBE-AD99-B1016F16AA00}.Release|Any CPU.Build.0 = Release|Any CPU
		{7B78A96A-367C-4FBE-AD99-B1016F16AA00}.Release|Mixed Platforms.ActiveCfg = Release|Any CPU
		{7B78A96A-367C-4FBE-AD99-B1016F16AA00}.Release|Mixed Platforms.Build.0 = Release|Any CPU
		{7B78A96A-367C-4FBE-AD99-B1016F16AA00}.Release|x86.ActiveCfg = Release|Any CPU
		{ADADAE80-72EA-4E8C-B5B5-4EFBEB1FAAF6}.Debug|Any CPU.ActiveCfg = Debug|Any CPU
		{ADADAE80-72EA-4E8C-B5B5-4EFBEB1FAAF6}.Debug|Any CPU.Build.0 = Debug|Any CPU
		{ADADAE80-72EA-4E8C-B5B5-4EFBEB1FAAF6}.Debug|Mixed Platforms.ActiveCfg = Debug|Any CPU
		{ADADAE80-72EA-4E8C-B5B5-4EFBEB1FAAF6}.Debug|Mixed Platforms.Build.0 = Debug|Any CPU
		{ADADAE80-72EA-4E8C-B5B5-4EFBEB1FAAF6}.Debug|x86.ActiveCfg = Debug|Any CPU
		{ADADAE80-72EA-4E8C-B5B5-4EFBEB1FAAF6}.Release|Any CPU.ActiveCfg = Release|Any CPU
		{ADADAE80-72EA-4E8C-B5B5-4EFBEB1FAAF6}.Release|Any CPU.Build.0 = Release|Any CPU
		{ADADAE80-72EA-4E8C-B5B5-4EFBEB1FAAF6}.Release|Mixed Platforms.ActiveCfg = Release|Any CPU
		{ADADAE80-72EA-4E8C-B5B5-4EFBEB1FAAF6}.Release|Mixed Platforms.Build.0 = Release|Any CPU
		{ADADAE80-72EA-4E8C-B5B5-4EFBEB1FAAF6}.Release|x86.ActiveCfg = Release|Any CPU
		{77EADDD1-E296-4426-B66B-4031E9F07711}.Debug|Any CPU.ActiveCfg = Debug|Any CPU
		{77EADDD1-E296-4426-B66B-4031E9F07711}.Debug|Any CPU.Build.0 = Debug|Any CPU
		{77EADDD1-E296-4426-B66B-4031E9F07711}.Debug|Mixed Platforms.ActiveCfg = Debug|Any CPU
		{77EADDD1-E296-4426-B66B-4031E9F07711}.Debug|Mixed Platforms.Build.0 = Debug|Any CPU
		{77EADDD1-E296-4426-B66B-4031E9F07711}.Debug|x86.ActiveCfg = Debug|Any CPU
		{77EADDD1-E296-4426-B66B-4031E9F07711}.Release|Any CPU.ActiveCfg = Release|Any CPU
		{77EADDD1-E296-4426-B66B-4031E9F07711}.Release|Any CPU.Build.0 = Release|Any CPU
		{77EADDD1-E296-4426-B66B-4031E9F07711}.Release|Mixed Platforms.ActiveCfg = Release|Any CPU
		{77EADDD1-E296-4426-B66B-4031E9F07711}.Release|Mixed Platforms.Build.0 = Release|Any CPU
		{77EADDD1-E296-4426-B66B-4031E9F07711}.Release|x86.ActiveCfg = Release|Any CPU
		{4F88E6A7-42CC-4E86-91A7-B4CE5B53486A}.Debug|Any CPU.ActiveCfg = Debug|Any CPU
		{4F88E6A7-42CC-4E86-91A7-B4CE5B53486A}.Debug|Any CPU.Build.0 = Debug|Any CPU
		{4F88E6A7-42CC-4E86-91A7-B4CE5B53486A}.Debug|Mixed Platforms.ActiveCfg = Debug|Any CPU
		{4F88E6A7-42CC-4E86-91A7-B4CE5B53486A}.Debug|Mixed Platforms.Build.0 = Debug|Any CPU
		{4F88E6A7-42CC-4E86-91A7-B4CE5B53486A}.Debug|x86.ActiveCfg = Debug|Any CPU
		{4F88E6A7-42CC-4E86-91A7-B4CE5B53486A}.Release|Any CPU.ActiveCfg = Release|Any CPU
		{4F88E6A7-42CC-4E86-91A7-B4CE5B53486A}.Release|Any CPU.Build.0 = Release|Any CPU
		{4F88E6A7-42CC-4E86-91A7-B4CE5B53486A}.Release|Mixed Platforms.ActiveCfg = Release|Any CPU
		{4F88E6A7-42CC-4E86-91A7-B4CE5B53486A}.Release|Mixed Platforms.Build.0 = Release|Any CPU
		{4F88E6A7-42CC-4E86-91A7-B4CE5B53486A}.Release|x86.ActiveCfg = Release|Any CPU
		{3BEEDE2E-DAE9-432C-8891-F881416B7249}.Debug|Any CPU.ActiveCfg = Debug|Any CPU
		{3BEEDE2E-DAE9-432C-8891-F881416B7249}.Debug|Any CPU.Build.0 = Debug|Any CPU
		{3BEEDE2E-DAE9-432C-8891-F881416B7249}.Debug|Mixed Platforms.ActiveCfg = Debug|Any CPU
		{3BEEDE2E-DAE9-432C-8891-F881416B7249}.Debug|Mixed Platforms.Build.0 = Debug|Any CPU
		{3BEEDE2E-DAE9-432C-8891-F881416B7249}.Debug|x86.ActiveCfg = Debug|Any CPU
		{3BEEDE2E-DAE9-432C-8891-F881416B7249}.Release|Any CPU.ActiveCfg = Release|Any CPU
		{3BEEDE2E-DAE9-432C-8891-F881416B7249}.Release|Any CPU.Build.0 = Release|Any CPU
		{3BEEDE2E-DAE9-432C-8891-F881416B7249}.Release|Mixed Platforms.ActiveCfg = Release|Any CPU
		{3BEEDE2E-DAE9-432C-8891-F881416B7249}.Release|Mixed Platforms.Build.0 = Release|Any CPU
		{3BEEDE2E-DAE9-432C-8891-F881416B7249}.Release|x86.ActiveCfg = Release|Any CPU
		{6DE753C7-198B-4934-BDD6-8142A215AA00}.Debug|Any CPU.ActiveCfg = Debug|Any CPU
		{6DE753C7-198B-4934-BDD6-8142A215AA00}.Debug|Any CPU.Build.0 = Debug|Any CPU
		{6DE753C7-198B-4934-BDD6-8142A215AA00}.Debug|Mixed Platforms.ActiveCfg = Debug|Any CPU
		{6DE753C7-198B-4934-BDD6-8142A215AA00}.Debug|Mixed Platforms.Build.0 = Debug|Any CPU
		{6DE753C7-198B-4934-BDD6-8142A215AA00}.Debug|x86.ActiveCfg = Debug|Any CPU
		{6DE753C7-198B-4934-BDD6-8142A215AA00}.Release|Any CPU.ActiveCfg = Release|Any CPU
		{6DE753C7-198B-4934-BDD6-8142A215AA00}.Release|Any CPU.Build.0 = Release|Any CPU
		{6DE753C7-198B-4934-BDD6-8142A215AA00}.Release|Mixed Platforms.ActiveCfg = Release|Any CPU
		{6DE753C7-198B-4934-BDD6-8142A215AA00}.Release|Mixed Platforms.Build.0 = Release|Any CPU
		{6DE753C7-198B-4934-BDD6-8142A215AA00}.Release|x86.ActiveCfg = Release|Any CPU
		{D6E1726F-258E-4DE8-8473-21A2FCFB0B66}.Debug|Any CPU.ActiveCfg = Debug|Any CPU
		{D6E1726F-258E-4DE8-8473-21A2FCFB0B66}.Debug|Any CPU.Build.0 = Debug|Any CPU
		{D6E1726F-258E-4DE8-8473-21A2FCFB0B66}.Debug|Mixed Platforms.ActiveCfg = Debug|Any CPU
		{D6E1726F-258E-4DE8-8473-21A2FCFB0B66}.Debug|Mixed Platforms.Build.0 = Debug|Any CPU
		{D6E1726F-258E-4DE8-8473-21A2FCFB0B66}.Debug|x86.ActiveCfg = Debug|Any CPU
		{D6E1726F-258E-4DE8-8473-21A2FCFB0B66}.Release|Any CPU.ActiveCfg = Release|Any CPU
		{D6E1726F-258E-4DE8-8473-21A2FCFB0B66}.Release|Any CPU.Build.0 = Release|Any CPU
		{D6E1726F-258E-4DE8-8473-21A2FCFB0B66}.Release|Mixed Platforms.ActiveCfg = Release|Any CPU
		{D6E1726F-258E-4DE8-8473-21A2FCFB0B66}.Release|Mixed Platforms.Build.0 = Release|Any CPU
		{D6E1726F-258E-4DE8-8473-21A2FCFB0B66}.Release|x86.ActiveCfg = Release|Any CPU
		{1670225C-BAA3-49AC-A8D6-44D75A973B31}.Debug|Any CPU.ActiveCfg = Debug|Any CPU
		{1670225C-BAA3-49AC-A8D6-44D75A973B31}.Debug|Any CPU.Build.0 = Debug|Any CPU
		{1670225C-BAA3-49AC-A8D6-44D75A973B31}.Debug|Mixed Platforms.ActiveCfg = Debug|Any CPU
		{1670225C-BAA3-49AC-A8D6-44D75A973B31}.Debug|Mixed Platforms.Build.0 = Debug|Any CPU
		{1670225C-BAA3-49AC-A8D6-44D75A973B31}.Debug|x86.ActiveCfg = Debug|Any CPU
		{1670225C-BAA3-49AC-A8D6-44D75A973B31}.Release|Any CPU.ActiveCfg = Release|Any CPU
		{1670225C-BAA3-49AC-A8D6-44D75A973B31}.Release|Any CPU.Build.0 = Release|Any CPU
		{1670225C-BAA3-49AC-A8D6-44D75A973B31}.Release|Mixed Platforms.ActiveCfg = Release|Any CPU
		{1670225C-BAA3-49AC-A8D6-44D75A973B31}.Release|Mixed Platforms.Build.0 = Release|Any CPU
		{1670225C-BAA3-49AC-A8D6-44D75A973B31}.Release|x86.ActiveCfg = Release|Any CPU
		{A03D7F01-93CE-4955-B004-F66C0786BD26}.Debug|Any CPU.ActiveCfg = Debug|Any CPU
		{A03D7F01-93CE-4955-B004-F66C0786BD26}.Debug|Any CPU.Build.0 = Debug|Any CPU
		{A03D7F01-93CE-4955-B004-F66C0786BD26}.Debug|Mixed Platforms.ActiveCfg = Debug|Any CPU
		{A03D7F01-93CE-4955-B004-F66C0786BD26}.Debug|Mixed Platforms.Build.0 = Debug|Any CPU
		{A03D7F01-93CE-4955-B004-F66C0786BD26}.Debug|x86.ActiveCfg = Debug|Any CPU
		{A03D7F01-93CE-4955-B004-F66C0786BD26}.Release|Any CPU.ActiveCfg = Release|Any CPU
		{A03D7F01-93CE-4955-B004-F66C0786BD26}.Release|Any CPU.Build.0 = Release|Any CPU
		{A03D7F01-93CE-4955-B004-F66C0786BD26}.Release|Mixed Platforms.ActiveCfg = Release|Any CPU
		{A03D7F01-93CE-4955-B004-F66C0786BD26}.Release|Mixed Platforms.Build.0 = Release|Any CPU
		{A03D7F01-93CE-4955-B004-F66C0786BD26}.Release|x86.ActiveCfg = Release|Any CPU
		{CFC1E9E6-4596-4ACA-B8AB-B98B4FD02B7A}.Debug|Any CPU.ActiveCfg = Debug|Any CPU
		{CFC1E9E6-4596-4ACA-B8AB-B98B4FD02B7A}.Debug|Any CPU.Build.0 = Debug|Any CPU
		{CFC1E9E6-4596-4ACA-B8AB-B98B4FD02B7A}.Debug|Mixed Platforms.ActiveCfg = Debug|Any CPU
		{CFC1E9E6-4596-4ACA-B8AB-B98B4FD02B7A}.Debug|Mixed Platforms.Build.0 = Debug|Any CPU
		{CFC1E9E6-4596-4ACA-B8AB-B98B4FD02B7A}.Debug|x86.ActiveCfg = Debug|Any CPU
		{CFC1E9E6-4596-4ACA-B8AB-B98B4FD02B7A}.Release|Any CPU.ActiveCfg = Release|Any CPU
		{CFC1E9E6-4596-4ACA-B8AB-B98B4FD02B7A}.Release|Any CPU.Build.0 = Release|Any CPU
		{CFC1E9E6-4596-4ACA-B8AB-B98B4FD02B7A}.Release|Mixed Platforms.ActiveCfg = Release|Any CPU
		{CFC1E9E6-4596-4ACA-B8AB-B98B4FD02B7A}.Release|Mixed Platforms.Build.0 = Release|Any CPU
		{CFC1E9E6-4596-4ACA-B8AB-B98B4FD02B7A}.Release|x86.ActiveCfg = Release|Any CPU
		{B76F97DB-264C-4848-9290-4B97D6A9EF63}.Debug|Any CPU.ActiveCfg = Debug|Any CPU
		{B76F97DB-264C-4848-9290-4B97D6A9EF63}.Debug|Any CPU.Build.0 = Debug|Any CPU
		{B76F97DB-264C-4848-9290-4B97D6A9EF63}.Debug|Mixed Platforms.ActiveCfg = Debug|Any CPU
		{B76F97DB-264C-4848-9290-4B97D6A9EF63}.Debug|Mixed Platforms.Build.0 = Debug|Any CPU
		{B76F97DB-264C-4848-9290-4B97D6A9EF63}.Debug|x86.ActiveCfg = Debug|Any CPU
		{B76F97DB-264C-4848-9290-4B97D6A9EF63}.Release|Any CPU.ActiveCfg = Release|Any CPU
		{B76F97DB-264C-4848-9290-4B97D6A9EF63}.Release|Any CPU.Build.0 = Release|Any CPU
		{B76F97DB-264C-4848-9290-4B97D6A9EF63}.Release|Mixed Platforms.ActiveCfg = Release|Any CPU
		{B76F97DB-264C-4848-9290-4B97D6A9EF63}.Release|Mixed Platforms.Build.0 = Release|Any CPU
		{B76F97DB-264C-4848-9290-4B97D6A9EF63}.Release|x86.ActiveCfg = Release|Any CPU
		{336A6B61-9345-4197-AC22-A1421242C455}.Debug|Any CPU.ActiveCfg = Debug|Any CPU
		{336A6B61-9345-4197-AC22-A1421242C455}.Debug|Any CPU.Build.0 = Debug|Any CPU
		{336A6B61-9345-4197-AC22-A1421242C455}.Debug|Mixed Platforms.ActiveCfg = Debug|Any CPU
		{336A6B61-9345-4197-AC22-A1421242C455}.Debug|Mixed Platforms.Build.0 = Debug|Any CPU
		{336A6B61-9345-4197-AC22-A1421242C455}.Debug|x86.ActiveCfg = Debug|Any CPU
		{336A6B61-9345-4197-AC22-A1421242C455}.Release|Any CPU.ActiveCfg = Release|Any CPU
		{336A6B61-9345-4197-AC22-A1421242C455}.Release|Any CPU.Build.0 = Release|Any CPU
		{336A6B61-9345-4197-AC22-A1421242C455}.Release|Mixed Platforms.ActiveCfg = Release|Any CPU
		{336A6B61-9345-4197-AC22-A1421242C455}.Release|Mixed Platforms.Build.0 = Release|Any CPU
		{336A6B61-9345-4197-AC22-A1421242C455}.Release|x86.ActiveCfg = Release|Any CPU
		{6054346A-1292-40EB-8FB5-53930411F5DE}.Debug|Any CPU.ActiveCfg = Debug|Any CPU
		{6054346A-1292-40EB-8FB5-53930411F5DE}.Debug|Any CPU.Build.0 = Debug|Any CPU
		{6054346A-1292-40EB-8FB5-53930411F5DE}.Debug|Mixed Platforms.ActiveCfg = Debug|Any CPU
		{6054346A-1292-40EB-8FB5-53930411F5DE}.Debug|Mixed Platforms.Build.0 = Debug|Any CPU
		{6054346A-1292-40EB-8FB5-53930411F5DE}.Debug|x86.ActiveCfg = Debug|Any CPU
		{6054346A-1292-40EB-8FB5-53930411F5DE}.Release|Any CPU.ActiveCfg = Release|Any CPU
		{6054346A-1292-40EB-8FB5-53930411F5DE}.Release|Any CPU.Build.0 = Release|Any CPU
		{6054346A-1292-40EB-8FB5-53930411F5DE}.Release|Mixed Platforms.ActiveCfg = Release|Any CPU
		{6054346A-1292-40EB-8FB5-53930411F5DE}.Release|Mixed Platforms.Build.0 = Release|Any CPU
		{6054346A-1292-40EB-8FB5-53930411F5DE}.Release|x86.ActiveCfg = Release|Any CPU
		{F555939B-7F42-4AEB-8E6C-A974E572A7FE}.Debug|Any CPU.ActiveCfg = Debug|Any CPU
		{F555939B-7F42-4AEB-8E6C-A974E572A7FE}.Debug|Any CPU.Build.0 = Debug|Any CPU
		{F555939B-7F42-4AEB-8E6C-A974E572A7FE}.Debug|Mixed Platforms.ActiveCfg = Debug|Any CPU
		{F555939B-7F42-4AEB-8E6C-A974E572A7FE}.Debug|Mixed Platforms.Build.0 = Debug|Any CPU
		{F555939B-7F42-4AEB-8E6C-A974E572A7FE}.Debug|x86.ActiveCfg = Debug|Any CPU
		{F555939B-7F42-4AEB-8E6C-A974E572A7FE}.Release|Any CPU.ActiveCfg = Release|Any CPU
		{F555939B-7F42-4AEB-8E6C-A974E572A7FE}.Release|Any CPU.Build.0 = Release|Any CPU
		{F555939B-7F42-4AEB-8E6C-A974E572A7FE}.Release|Mixed Platforms.ActiveCfg = Release|Any CPU
		{F555939B-7F42-4AEB-8E6C-A974E572A7FE}.Release|Mixed Platforms.Build.0 = Release|Any CPU
		{F555939B-7F42-4AEB-8E6C-A974E572A7FE}.Release|x86.ActiveCfg = Release|Any CPU
		{0877901F-5A5A-4D60-8A82-1A4E808D0829}.Debug|Any CPU.ActiveCfg = Debug|Any CPU
		{0877901F-5A5A-4D60-8A82-1A4E808D0829}.Debug|Any CPU.Build.0 = Debug|Any CPU
		{0877901F-5A5A-4D60-8A82-1A4E808D0829}.Debug|Mixed Platforms.ActiveCfg = Debug|Any CPU
		{0877901F-5A5A-4D60-8A82-1A4E808D0829}.Debug|Mixed Platforms.Build.0 = Debug|Any CPU
		{0877901F-5A5A-4D60-8A82-1A4E808D0829}.Debug|x86.ActiveCfg = Debug|Any CPU
		{0877901F-5A5A-4D60-8A82-1A4E808D0829}.Release|Any CPU.ActiveCfg = Release|Any CPU
		{0877901F-5A5A-4D60-8A82-1A4E808D0829}.Release|Any CPU.Build.0 = Release|Any CPU
		{0877901F-5A5A-4D60-8A82-1A4E808D0829}.Release|Mixed Platforms.ActiveCfg = Release|Any CPU
		{0877901F-5A5A-4D60-8A82-1A4E808D0829}.Release|Mixed Platforms.Build.0 = Release|Any CPU
		{0877901F-5A5A-4D60-8A82-1A4E808D0829}.Release|x86.ActiveCfg = Release|Any CPU
		{06EF2B04-9E8D-478F-9C5C-9922EF157A20}.Debug|Any CPU.ActiveCfg = Debug|Any CPU
		{06EF2B04-9E8D-478F-9C5C-9922EF157A20}.Debug|Any CPU.Build.0 = Debug|Any CPU
		{06EF2B04-9E8D-478F-9C5C-9922EF157A20}.Debug|Mixed Platforms.ActiveCfg = Debug|Any CPU
		{06EF2B04-9E8D-478F-9C5C-9922EF157A20}.Debug|Mixed Platforms.Build.0 = Debug|Any CPU
		{06EF2B04-9E8D-478F-9C5C-9922EF157A20}.Debug|x86.ActiveCfg = Debug|Any CPU
		{06EF2B04-9E8D-478F-9C5C-9922EF157A20}.Release|Any CPU.ActiveCfg = Release|Any CPU
		{06EF2B04-9E8D-478F-9C5C-9922EF157A20}.Release|Any CPU.Build.0 = Release|Any CPU
		{06EF2B04-9E8D-478F-9C5C-9922EF157A20}.Release|Mixed Platforms.ActiveCfg = Release|Any CPU
		{06EF2B04-9E8D-478F-9C5C-9922EF157A20}.Release|Mixed Platforms.Build.0 = Release|Any CPU
		{06EF2B04-9E8D-478F-9C5C-9922EF157A20}.Release|x86.ActiveCfg = Release|Any CPU
	EndGlobalSection
	GlobalSection(SolutionProperties) = preSolution
		HideSolutionNode = FALSE
	EndGlobalSection
	GlobalSection(NestedProjects) = preSolution
		{7B78A96A-367C-4FBE-AD99-B1016F16AA00} = {C1A3AFE3-2630-454E-8DA2-B4188B8E3F2C}
		{ADADAE80-72EA-4E8C-B5B5-4EFBEB1FAAF6} = {C1A3AFE3-2630-454E-8DA2-B4188B8E3F2C}
		{77EADDD1-E296-4426-B66B-4031E9F07711} = {C1A3AFE3-2630-454E-8DA2-B4188B8E3F2C}
		{4F88E6A7-42CC-4E86-91A7-B4CE5B53486A} = {C1A3AFE3-2630-454E-8DA2-B4188B8E3F2C}
		{3BEEDE2E-DAE9-432C-8891-F881416B7249} = {C1A3AFE3-2630-454E-8DA2-B4188B8E3F2C}
		{6DE753C7-198B-4934-BDD6-8142A215AA00} = {C1A3AFE3-2630-454E-8DA2-B4188B8E3F2C}
		{D6E1726F-258E-4DE8-8473-21A2FCFB0B66} = {C1A3AFE3-2630-454E-8DA2-B4188B8E3F2C}
		{1670225C-BAA3-49AC-A8D6-44D75A973B31} = {C1A3AFE3-2630-454E-8DA2-B4188B8E3F2C}
		{A03D7F01-93CE-4955-B004-F66C0786BD26} = {C1A3AFE3-2630-454E-8DA2-B4188B8E3F2C}
		{B76F97DB-264C-4848-9290-4B97D6A9EF63} = {C1A3AFE3-2630-454E-8DA2-B4188B8E3F2C}
		{336A6B61-9345-4197-AC22-A1421242C455} = {C1A3AFE3-2630-454E-8DA2-B4188B8E3F2C}
		{6054346A-1292-40EB-8FB5-53930411F5DE} = {C1A3AFE3-2630-454E-8DA2-B4188B8E3F2C}
		{F555939B-7F42-4AEB-8E6C-A974E572A7FE} = {C1A3AFE3-2630-454E-8DA2-B4188B8E3F2C}
		{06EF2B04-9E8D-478F-9C5C-9922EF157A20} = {C1A3AFE3-2630-454E-8DA2-B4188B8E3F2C}
	EndGlobalSection
EndGlobal
