
Microsoft Visual Studio Solution File, Format Version 11.00
# Visual Studio 2010
Project("{FAE04EC0-301F-11D3-BF4B-00C04F79EFBC}") = "Today", "Today.csproj", "{F555939B-7F42-4AEB-8E6C-A974E572A7FE}"
EndProject
Global
	GlobalSection(SolutionConfigurationPlatforms) = preSolution
		Debug|Any CPU = Debug|Any CPU
		Release|Any CPU = Release|Any CPU
	EndGlobalSection
	GlobalSection(ProjectConfigurationPlatforms) = postSolution
		{F555939B-7F42-4AEB-8E6C-A974E572A7FE}.Debug|Any CPU.ActiveCfg = Debug|Any CPU
		{F555939B-7F42-4AEB-8E6C-A974E572A7FE}.Debug|Any CPU.Build.0 = Debug|Any CPU
		{F555939B-7F42-4AEB-8E6C-A974E572A7FE}.Release|Any CPU.ActiveCfg = Release|Any CPU
		{F555939B-7F42-4AEB-8E6C-A974E572A7FE}.Release|Any CPU.Build.0 = Release|Any CPU
	EndGlobalSection
	GlobalSection(SolutionProperties) = preSolution
		HideSolutionNode = FALSE
	EndGlobalSection
EndGlobal
